// !$*UTF8*$!
{
	archiveVersion = 1;
	classes = {
	};
	objectVersion = 77;
	objects = {

/* Begin PBXBuildFile section */
		B93D3C222E07111600B158C8 /* WidgetKit.framework in Frameworks */ = {isa = PBXBuildFile; fileRef = B93D3C212E07111600B158C8 /* WidgetKit.framework */; };
		B93D3C242E07111600B158C8 /* SwiftUI.framework in Frameworks */ = {isa = PBXBuildFile; fileRef = B93D3C232E07111600B158C8 /* SwiftUI.framework */; };
		B93D3C352E07111700B158C8 /* PathRecorderWidgetExtension.appex in Embed Foundation Extensions */ = {isa = PBXBuildFile; fileRef = B93D3C1F2E07111600B158C8 /* PathRecorderWidgetExtension.appex */; settings = {ATTRIBUTES = (RemoveHeadersOnCopy, ); }; };
		B93D3C422E07157000B158C8 /* Shared in Frameworks */ = {isa = PBXBuildFile; productRef = B93D3C412E07157000B158C8 /* Shared */; };
		B93D3C442E07158300B158C8 /* Shared in Frameworks */ = {isa = PBXBuildFile; productRef = B93D3C432E07158300B158C8 /* Shared */; };
/* End PBXBuildFile section */

/* Begin PBXContainerItemProxy section */
		6141C8E62DECACBA0034946C /* PBXContainerItemProxy */ = {
			isa = PBXContainerItemProxy;
			containerPortal = 6141C8CB2DECACB90034946C /* Project object */;
			proxyType = 1;
			remoteGlobalIDString = 6141C8D22DECACB90034946C;
			remoteInfo = PathRecorder;
		};
		6141C8F02DECACBA0034946C /* PBXContainerItemProxy */ = {
			isa = PBXContainerItemProxy;
			containerPortal = 6141C8CB2DECACB90034946C /* Project object */;
			proxyType = 1;
			remoteGlobalIDString = 6141C8D22DECACB90034946C;
			remoteInfo = PathRecorder;
		};
		B93D3C332E07111700B158C8 /* PBXContainerItemProxy */ = {
			isa = PBXContainerItemProxy;
			containerPortal = 6141C8CB2DECACB90034946C /* Project object */;
			proxyType = 1;
			remoteGlobalIDString = B93D3C1E2E07111600B158C8;
			remoteInfo = PathRecorderWidgetExtension;
		};
/* End PBXContainerItemProxy section */

/* Begin PBXCopyFilesBuildPhase section */
		B93D3C3A2E07111700B158C8 /* Embed Foundation Extensions */ = {
			isa = PBXCopyFilesBuildPhase;
			buildActionMask = 2147483647;
			dstPath = "";
			dstSubfolderSpec = 13;
			files = (
				B93D3C352E07111700B158C8 /* PathRecorderWidgetExtension.appex in Embed Foundation Extensions */,
			);
			name = "Embed Foundation Extensions";
			runOnlyForDeploymentPostprocessing = 0;
		};
/* End PBXCopyFilesBuildPhase section */

/* Begin PBXFileReference section */
		6141C8D32DECACB90034946C /* PathRecorder.app */ = {isa = PBXFileReference; explicitFileType = wrapper.application; includeInIndex = 0; path = PathRecorder.app; sourceTree = BUILT_PRODUCTS_DIR; };
		6141C8E52DECACBA0034946C /* PathRecorderTests.xctest */ = {isa = PBXFileReference; explicitFileType = wrapper.cfbundle; includeInIndex = 0; path = PathRecorderTests.xctest; sourceTree = BUILT_PRODUCTS_DIR; };
		6141C8EF2DECACBA0034946C /* PathRecorderUITests.xctest */ = {isa = PBXFileReference; explicitFileType = wrapper.cfbundle; includeInIndex = 0; path = PathRecorderUITests.xctest; sourceTree = BUILT_PRODUCTS_DIR; };
		B93D3C1F2E07111600B158C8 /* PathRecorderWidgetExtension.appex */ = {isa = PBXFileReference; explicitFileType = "wrapper.app-extension"; includeInIndex = 0; path = PathRecorderWidgetExtension.appex; sourceTree = BUILT_PRODUCTS_DIR; };
		B93D3C212E07111600B158C8 /* WidgetKit.framework */ = {isa = PBXFileReference; lastKnownFileType = wrapper.framework; name = WidgetKit.framework; path = System/Library/Frameworks/WidgetKit.framework; sourceTree = SDKROOT; };
		B93D3C232E07111600B158C8 /* SwiftUI.framework */ = {isa = PBXFileReference; lastKnownFileType = wrapper.framework; name = SwiftUI.framework; path = System/Library/Frameworks/SwiftUI.framework; sourceTree = SDKROOT; };
/* End PBXFileReference section */

/* Begin PBXFileSystemSynchronizedBuildFileExceptionSet section */
		6141C90C2DECB7D90034946C /* Exceptions for "PathRecorder" folder in "PathRecorder" target */ = {
			isa = PBXFileSystemSynchronizedBuildFileExceptionSet;
			membershipExceptions = (
				Info.plist,
			);
			target = 6141C8D22DECACB90034946C /* PathRecorder */;
		};
		B93D3C392E07111700B158C8 /* Exceptions for "PathRecorderWidget" folder in "PathRecorderWidgetExtension" target */ = {
			isa = PBXFileSystemSynchronizedBuildFileExceptionSet;
			membershipExceptions = (
				Info.plist,
			);
			target = B93D3C1E2E07111600B158C8 /* PathRecorderWidgetExtension */;
		};
/* End PBXFileSystemSynchronizedBuildFileExceptionSet section */

/* Begin PBXFileSystemSynchronizedRootGroup section */
		6141C8D52DECACB90034946C /* PathRecorder */ = {
			isa = PBXFileSystemSynchronizedRootGroup;
			exceptions = (
				6141C90C2DECB7D90034946C /* Exceptions for "PathRecorder" folder in "PathRecorder" target */,
			);
			path = PathRecorder;
			sourceTree = "<group>";
		};
		6141C8E82DECACBA0034946C /* PathRecorderTests */ = {
			isa = PBXFileSystemSynchronizedRootGroup;
			path = PathRecorderTests;
			sourceTree = "<group>";
		};
		6141C8F22DECACBA0034946C /* PathRecorderUITests */ = {
			isa = PBXFileSystemSynchronizedRootGroup;
			path = PathRecorderUITests;
			sourceTree = "<group>";
		};
		B93D3C252E07111600B158C8 /* PathRecorderWidget */ = {
			isa = PBXFileSystemSynchronizedRootGroup;
			exceptions = (
				B93D3C392E07111700B158C8 /* Exceptions for "PathRecorderWidget" folder in "PathRecorderWidgetExtension" target */,
			);
			path = PathRecorderWidget;
			sourceTree = "<group>";
		};
/* End PBXFileSystemSynchronizedRootGroup section */

/* Begin PBXFrameworksBuildPhase section */
		6141C8D02DECACB90034946C /* Frameworks */ = {
			isa = PBXFrameworksBuildPhase;
			buildActionMask = 2147483647;
			files = (
				B93D3C422E07157000B158C8 /* Shared in Frameworks */,
			);
			runOnlyForDeploymentPostprocessing = 0;
		};
		6141C8E22DECACBA0034946C /* Frameworks */ = {
			isa = PBXFrameworksBuildPhase;
			buildActionMask = 2147483647;
			files = (
			);
			runOnlyForDeploymentPostprocessing = 0;
		};
		6141C8EC2DECACBA0034946C /* Frameworks */ = {
			isa = PBXFrameworksBuildPhase;
			buildActionMask = 2147483647;
			files = (
			);
			runOnlyForDeploymentPostprocessing = 0;
		};
		B93D3C1C2E07111600B158C8 /* Frameworks */ = {
			isa = PBXFrameworksBuildPhase;
			buildActionMask = 2147483647;
			files = (
				B93D3C242E07111600B158C8 /* SwiftUI.framework in Frameworks */,
				B93D3C222E07111600B158C8 /* WidgetKit.framework in Frameworks */,
				B93D3C442E07158300B158C8 /* Shared in Frameworks */,
			);
			runOnlyForDeploymentPostprocessing = 0;
		};
/* End PBXFrameworksBuildPhase section */

/* Begin PBXGroup section */
		6141C8CA2DECACB90034946C = {
			isa = PBXGroup;
			children = (
				6141C8D52DECACB90034946C /* PathRecorder */,
				6141C8E82DECACBA0034946C /* PathRecorderTests */,
				6141C8F22DECACBA0034946C /* PathRecorderUITests */,
				B93D3C252E07111600B158C8 /* PathRecorderWidget */,
				B93D3C202E07111600B158C8 /* Frameworks */,
				6141C8D42DECACB90034946C /* Products */,
			);
			sourceTree = "<group>";
		};
		6141C8D42DECACB90034946C /* Products */ = {
			isa = PBXGroup;
			children = (
				6141C8D32DECACB90034946C /* PathRecorder.app */,
				6141C8E52DECACBA0034946C /* PathRecorderTests.xctest */,
				6141C8EF2DECACBA0034946C /* PathRecorderUITests.xctest */,
				B93D3C1F2E07111600B158C8 /* PathRecorderWidgetExtension.appex */,
			);
			name = Products;
			sourceTree = "<group>";
		};
		B93D3C202E07111600B158C8 /* Frameworks */ = {
			isa = PBXGroup;
			children = (
				B93D3C212E07111600B158C8 /* WidgetKit.framework */,
				B93D3C232E07111600B158C8 /* SwiftUI.framework */,
			);
			name = Frameworks;
			sourceTree = "<group>";
		};
/* End PBXGroup section */

/* Begin PBXNativeTarget section */
		6141C8D22DECACB90034946C /* PathRecorder */ = {
			isa = PBXNativeTarget;
			buildConfigurationList = 6141C8F92DECACBA0034946C /* Build configuration list for PBXNativeTarget "PathRecorder" */;
			buildPhases = (
				6141C8CF2DECACB90034946C /* Sources */,
				6141C8D02DECACB90034946C /* Frameworks */,
				6141C8D12DECACB90034946C /* Resources */,
				B93D3C3A2E07111700B158C8 /* Embed Foundation Extensions */,
			);
			buildRules = (
			);
			dependencies = (
				B93D3C342E07111700B158C8 /* PBXTargetDependency */,
			);
			fileSystemSynchronizedGroups = (
				6141C8D52DECACB90034946C /* PathRecorder */,
			);
			name = PathRecorder;
			packageProductDependencies = (
				B93D3C412E07157000B158C8 /* Shared */,
			);
			productName = PathRecorder;
			productReference = 6141C8D32DECACB90034946C /* PathRecorder.app */;
			productType = "com.apple.product-type.application";
		};
		6141C8E42DECACBA0034946C /* PathRecorderTests */ = {
			isa = PBXNativeTarget;
			buildConfigurationList = 6141C8FC2DECACBA0034946C /* Build configuration list for PBXNativeTarget "PathRecorderTests" */;
			buildPhases = (
				6141C8E12DECACBA0034946C /* Sources */,
				6141C8E22DECACBA0034946C /* Frameworks */,
				6141C8E32DECACBA0034946C /* Resources */,
			);
			buildRules = (
			);
			dependencies = (
				6141C8E72DECACBA0034946C /* PBXTargetDependency */,
			);
			fileSystemSynchronizedGroups = (
				6141C8E82DECACBA0034946C /* PathRecorderTests */,
			);
			name = PathRecorderTests;
			packageProductDependencies = (
			);
			productName = PathRecorderTests;
			productReference = 6141C8E52DECACBA0034946C /* PathRecorderTests.xctest */;
			productType = "com.apple.product-type.bundle.unit-test";
		};
		6141C8EE2DECACBA0034946C /* PathRecorderUITests */ = {
			isa = PBXNativeTarget;
			buildConfigurationList = 6141C8FF2DECACBA0034946C /* Build configuration list for PBXNativeTarget "PathRecorderUITests" */;
			buildPhases = (
				6141C8EB2DECACBA0034946C /* Sources */,
				6141C8EC2DECACBA0034946C /* Frameworks */,
				6141C8ED2DECACBA0034946C /* Resources */,
			);
			buildRules = (
			);
			dependencies = (
				6141C8F12DECACBA0034946C /* PBXTargetDependency */,
			);
			fileSystemSynchronizedGroups = (
				6141C8F22DECACBA0034946C /* PathRecorderUITests */,
			);
			name = PathRecorderUITests;
			packageProductDependencies = (
			);
			productName = PathRecorderUITests;
			productReference = 6141C8EF2DECACBA0034946C /* PathRecorderUITests.xctest */;
			productType = "com.apple.product-type.bundle.ui-testing";
		};
		B93D3C1E2E07111600B158C8 /* PathRecorderWidgetExtension */ = {
			isa = PBXNativeTarget;
			buildConfigurationList = B93D3C362E07111700B158C8 /* Build configuration list for PBXNativeTarget "PathRecorderWidgetExtension" */;
			buildPhases = (
				B93D3C1B2E07111600B158C8 /* Sources */,
				B93D3C1C2E07111600B158C8 /* Frameworks */,
				B93D3C1D2E07111600B158C8 /* Resources */,
			);
			buildRules = (
			);
			dependencies = (
			);
			fileSystemSynchronizedGroups = (
				B93D3C252E07111600B158C8 /* PathRecorderWidget */,
			);
			name = PathRecorderWidgetExtension;
			packageProductDependencies = (
				B93D3C432E07158300B158C8 /* Shared */,
			);
			productName = PathRecorderWidgetExtension;
			productReference = B93D3C1F2E07111600B158C8 /* PathRecorderWidgetExtension.appex */;
			productType = "com.apple.product-type.app-extension";
		};
/* End PBXNativeTarget section */

/* Begin PBXProject section */
		6141C8CB2DECACB90034946C /* Project object */ = {
			isa = PBXProject;
			attributes = {
				BuildIndependentTargetsInParallel = 1;
				LastSwiftUpdateCheck = 1620;
				LastUpgradeCheck = 1620;
				TargetAttributes = {
					6141C8D22DECACB90034946C = {
						CreatedOnToolsVersion = 16.2;
					};
					6141C8E42DECACBA0034946C = {
						CreatedOnToolsVersion = 16.2;
						TestTargetID = 6141C8D22DECACB90034946C;
					};
					6141C8EE2DECACBA0034946C = {
						CreatedOnToolsVersion = 16.2;
						TestTargetID = 6141C8D22DECACB90034946C;
					};
					B93D3C1E2E07111600B158C8 = {
						CreatedOnToolsVersion = 16.2;
					};
				};
			};
			buildConfigurationList = 6141C8CE2DECACB90034946C /* Build configuration list for PBXProject "PathRecorder" */;
			developmentRegion = en;
			hasScannedForEncodings = 0;
			knownRegions = (
				en,
				Base,
			);
			mainGroup = 6141C8CA2DECACB90034946C;
			minimizedProjectReferenceProxies = 1;
			packageReferences = (
				B93D3C402E07152A00B158C8 /* XCLocalSwiftPackageReference "Shared" */,
			);
			preferredProjectObjectVersion = 77;
			productRefGroup = 6141C8D42DECACB90034946C /* Products */;
			projectDirPath = "";
			projectRoot = "";
			targets = (
				6141C8D22DECACB90034946C /* PathRecorder */,
				6141C8E42DECACBA0034946C /* PathRecorderTests */,
				6141C8EE2DECACBA0034946C /* PathRecorderUITests */,
				B93D3C1E2E07111600B158C8 /* PathRecorderWidgetExtension */,
			);
		};
/* End PBXProject section */

/* Begin PBXResourcesBuildPhase section */
		6141C8D12DECACB90034946C /* Resources */ = {
			isa = PBXResourcesBuildPhase;
			buildActionMask = 2147483647;
			files = (
			);
			runOnlyForDeploymentPostprocessing = 0;
		};
		6141C8E32DECACBA0034946C /* Resources */ = {
			isa = PBXResourcesBuildPhase;
			buildActionMask = 2147483647;
			files = (
			);
			runOnlyForDeploymentPostprocessing = 0;
		};
		6141C8ED2DECACBA0034946C /* Resources */ = {
			isa = PBXResourcesBuildPhase;
			buildActionMask = 2147483647;
			files = (
			);
			runOnlyForDeploymentPostprocessing = 0;
		};
		B93D3C1D2E07111600B158C8 /* Resources */ = {
			isa = PBXResourcesBuildPhase;
			buildActionMask = 2147483647;
			files = (
			);
			runOnlyForDeploymentPostprocessing = 0;
		};
/* End PBXResourcesBuildPhase section */

/* Begin PBXSourcesBuildPhase section */
		6141C8CF2DECACB90034946C /* Sources */ = {
			isa = PBXSourcesBuildPhase;
			buildActionMask = 2147483647;
			files = (
			);
			runOnlyForDeploymentPostprocessing = 0;
		};
		6141C8E12DECACBA0034946C /* Sources */ = {
			isa = PBXSourcesBuildPhase;
			buildActionMask = 2147483647;
			files = (
			);
			runOnlyForDeploymentPostprocessing = 0;
		};
		6141C8EB2DECACBA0034946C /* Sources */ = {
			isa = PBXSourcesBuildPhase;
			buildActionMask = 2147483647;
			files = (
			);
			runOnlyForDeploymentPostprocessing = 0;
		};
		B93D3C1B2E07111600B158C8 /* Sources */ = {
			isa = PBXSourcesBuildPhase;
			buildActionMask = 2147483647;
			files = (
			);
			runOnlyForDeploymentPostprocessing = 0;
		};
/* End PBXSourcesBuildPhase section */

/* Begin PBXTargetDependency section */
		6141C8E72DECACBA0034946C /* PBXTargetDependency */ = {
			isa = PBXTargetDependency;
			target = 6141C8D22DECACB90034946C /* PathRecorder */;
			targetProxy = 6141C8E62DECACBA0034946C /* PBXContainerItemProxy */;
		};
		6141C8F12DECACBA0034946C /* PBXTargetDependency */ = {
			isa = PBXTargetDependency;
			target = 6141C8D22DECACB90034946C /* PathRecorder */;
			targetProxy = 6141C8F02DECACBA0034946C /* PBXContainerItemProxy */;
		};
		B93D3C342E07111700B158C8 /* PBXTargetDependency */ = {
			isa = PBXTargetDependency;
			target = B93D3C1E2E07111600B158C8 /* PathRecorderWidgetExtension */;
			targetProxy = B93D3C332E07111700B158C8 /* PBXContainerItemProxy */;
		};
/* End PBXTargetDependency section */

/* Begin XCBuildConfiguration section */
		6141C8F72DECACBA0034946C /* Debug */ = {
			isa = XCBuildConfiguration;
			buildSettings = {
				ALWAYS_SEARCH_USER_PATHS = NO;
				ASSETCATALOG_COMPILER_GENERATE_SWIFT_ASSET_SYMBOL_EXTENSIONS = YES;
				CLANG_ANALYZER_NONNULL = YES;
				CLANG_ANALYZER_NUMBER_OBJECT_CONVERSION = YES_AGGRESSIVE;
				CLANG_CXX_LANGUAGE_STANDARD = "gnu++20";
				CLANG_ENABLE_MODULES = YES;
				CLANG_ENABLE_OBJC_ARC = YES;
				CLANG_ENABLE_OBJC_WEAK = YES;
				CLANG_WARN_BLOCK_CAPTURE_AUTORELEASING = YES;
				CLANG_WARN_BOOL_CONVERSION = YES;
				CLANG_WARN_COMMA = YES;
				CLANG_WARN_CONSTANT_CONVERSION = YES;
				CLANG_WARN_DEPRECATED_OBJC_IMPLEMENTATIONS = YES;
				CLANG_WARN_DIRECT_OBJC_ISA_USAGE = YES_ERROR;
				CLANG_WARN_DOCUMENTATION_COMMENTS = YES;
				CLANG_WARN_EMPTY_BODY = YES;
				CLANG_WARN_ENUM_CONVERSION = YES;
				CLANG_WARN_INFINITE_RECURSION = YES;
				CLANG_WARN_INT_CONVERSION = YES;
				CLANG_WARN_NON_LITERAL_NULL_CONVERSION = YES;
				CLANG_WARN_OBJC_IMPLICIT_RETAIN_SELF = YES;
				CLANG_WARN_OBJC_LITERAL_CONVERSION = YES;
				CLANG_WARN_OBJC_ROOT_CLASS = YES_ERROR;
				CLANG_WARN_QUOTED_INCLUDE_IN_FRAMEWORK_HEADER = YES;
				CLANG_WARN_RANGE_LOOP_ANALYSIS = YES;
				CLANG_WARN_STRICT_PROTOTYPES = YES;
				CLANG_WARN_SUSPICIOUS_MOVE = YES;
				CLANG_WARN_UNGUARDED_AVAILABILITY = YES_AGGRESSIVE;
				CLANG_WARN_UNREACHABLE_CODE = YES;
				CLANG_WARN__DUPLICATE_METHOD_MATCH = YES;
				COPY_PHASE_STRIP = NO;
				DEBUG_INFORMATION_FORMAT = dwarf;
				ENABLE_STRICT_OBJC_MSGSEND = YES;
				ENABLE_TESTABILITY = YES;
				ENABLE_USER_SCRIPT_SANDBOXING = YES;
				GCC_C_LANGUAGE_STANDARD = gnu17;
				GCC_DYNAMIC_NO_PIC = NO;
				GCC_NO_COMMON_BLOCKS = YES;
				GCC_OPTIMIZATION_LEVEL = 0;
				GCC_PREPROCESSOR_DEFINITIONS = (
					"DEBUG=1",
					"$(inherited)",
				);
				GCC_WARN_64_TO_32_BIT_CONVERSION = YES;
				GCC_WARN_ABOUT_RETURN_TYPE = YES_ERROR;
				GCC_WARN_UNDECLARED_SELECTOR = YES;
				GCC_WARN_UNINITIALIZED_AUTOS = YES_AGGRESSIVE;
				GCC_WARN_UNUSED_FUNCTION = YES;
				GCC_WARN_UNUSED_VARIABLE = YES;
				IPHONEOS_DEPLOYMENT_TARGET = 18.2;
				LOCALIZATION_PREFERS_STRING_CATALOGS = YES;
				MTL_ENABLE_DEBUG_INFO = INCLUDE_SOURCE;
				MTL_FAST_MATH = YES;
				ONLY_ACTIVE_ARCH = YES;
				SDKROOT = iphoneos;
				SWIFT_ACTIVE_COMPILATION_CONDITIONS = "DEBUG $(inherited)";
				SWIFT_OPTIMIZATION_LEVEL = "-Onone";
			};
			name = Debug;
		};
		6141C8F82DECACBA0034946C /* Release */ = {
			isa = XCBuildConfiguration;
			buildSettings = {
				ALWAYS_SEARCH_USER_PATHS = NO;
				ASSETCATALOG_COMPILER_GENERATE_SWIFT_ASSET_SYMBOL_EXTENSIONS = YES;
				CLANG_ANALYZER_NONNULL = YES;
				CLANG_ANALYZER_NUMBER_OBJECT_CONVERSION = YES_AGGRESSIVE;
				CLANG_CXX_LANGUAGE_STANDARD = "gnu++20";
				CLANG_ENABLE_MODULES = YES;
				CLANG_ENABLE_OBJC_ARC = YES;
				CLANG_ENABLE_OBJC_WEAK = YES;
				CLANG_WARN_BLOCK_CAPTURE_AUTORELEASING = YES;
				CLANG_WARN_BOOL_CONVERSION = YES;
				CLANG_WARN_COMMA = YES;
				CLANG_WARN_CONSTANT_CONVERSION = YES;
				CLANG_WARN_DEPRECATED_OBJC_IMPLEMENTATIONS = YES;
				CLANG_WARN_DIRECT_OBJC_ISA_USAGE = YES_ERROR;
				CLANG_WARN_DOCUMENTATION_COMMENTS = YES;
				CLANG_WARN_EMPTY_BODY = YES;
				CLANG_WARN_ENUM_CONVERSION = YES;
				CLANG_WARN_INFINITE_RECURSION = YES;
				CLANG_WARN_INT_CONVERSION = YES;
				CLANG_WARN_NON_LITERAL_NULL_CONVERSION = YES;
				CLANG_WARN_OBJC_IMPLICIT_RETAIN_SELF = YES;
				CLANG_WARN_OBJC_LITERAL_CONVERSION = YES;
				CLANG_WARN_OBJC_ROOT_CLASS = YES_ERROR;
				CLANG_WARN_QUOTED_INCLUDE_IN_FRAMEWORK_HEADER = YES;
				CLANG_WARN_RANGE_LOOP_ANALYSIS = YES;
				CLANG_WARN_STRICT_PROTOTYPES = YES;
				CLANG_WARN_SUSPICIOUS_MOVE = YES;
				CLANG_WARN_UNGUARDED_AVAILABILITY = YES_AGGRESSIVE;
				CLANG_WARN_UNREACHABLE_CODE = YES;
				CLANG_WARN__DUPLICATE_METHOD_MATCH = YES;
				COPY_PHASE_STRIP = NO;
				DEBUG_INFORMATION_FORMAT = "dwarf-with-dsym";
				ENABLE_NS_ASSERTIONS = NO;
				ENABLE_STRICT_OBJC_MSGSEND = YES;
				ENABLE_USER_SCRIPT_SANDBOXING = YES;
				GCC_C_LANGUAGE_STANDARD = gnu17;
				GCC_NO_COMMON_BLOCKS = YES;
				GCC_WARN_64_TO_32_BIT_CONVERSION = YES;
				GCC_WARN_ABOUT_RETURN_TYPE = YES_ERROR;
				GCC_WARN_UNDECLARED_SELECTOR = YES;
				GCC_WARN_UNINITIALIZED_AUTOS = YES_AGGRESSIVE;
				GCC_WARN_UNUSED_FUNCTION = YES;
				GCC_WARN_UNUSED_VARIABLE = YES;
				IPHONEOS_DEPLOYMENT_TARGET = 18.2;
				LOCALIZATION_PREFERS_STRING_CATALOGS = YES;
				MTL_ENABLE_DEBUG_INFO = NO;
				MTL_FAST_MATH = YES;
				SDKROOT = iphoneos;
				SWIFT_COMPILATION_MODE = wholemodule;
				VALIDATE_PRODUCT = YES;
			};
			name = Release;
		};
		6141C8FA2DECACBA0034946C /* Debug */ = {
			isa = XCBuildConfiguration;
			buildSettings = {
				ASSETCATALOG_COMPILER_APPICON_NAME = AppIcon;
				ASSETCATALOG_COMPILER_GLOBAL_ACCENT_COLOR_NAME = AccentColor;
				CODE_SIGN_STYLE = Automatic;
				CURRENT_PROJECT_VERSION = 1;
				DEVELOPMENT_ASSET_PATHS = "\"PathRecorder/Preview Content\"";
				DEVELOPMENT_TEAM = Z9WN384MPT;
				ENABLE_PREVIEWS = YES;
				GENERATE_INFOPLIST_FILE = YES;
				INFOPLIST_FILE = PathRecorder/Info.plist;
				INFOPLIST_KEY_LSApplicationCategoryType = "";
				INFOPLIST_KEY_NSLocationAlwaysAndWhenInUseUsageDescription = "We need your location to track your path and calculate distance traveled, even when the app is in the background.";
				INFOPLIST_KEY_NSLocationAlwaysUsageDescription = "";
				INFOPLIST_KEY_NSLocationWhenInUseUsageDescription = "We need your location to track your path and calculate distance traveled.";
				INFOPLIST_KEY_NSSupportsLiveActivities = YES;
				INFOPLIST_KEY_UIApplicationSceneManifest_Generation = YES;
				INFOPLIST_KEY_UILaunchScreen_Generation = YES;
				INFOPLIST_KEY_UISupportedInterfaceOrientations_iPad = "UIInterfaceOrientationPortrait UIInterfaceOrientationPortraitUpsideDown UIInterfaceOrientationLandscapeLeft UIInterfaceOrientationLandscapeRight";
				INFOPLIST_KEY_UISupportedInterfaceOrientations_iPhone = "UIInterfaceOrientationPortrait UIInterfaceOrientationLandscapeLeft UIInterfaceOrientationLandscapeRight";
				LD_RUNPATH_SEARCH_PATHS = (
					"$(inherited)",
					"@executable_path/Frameworks",
				);
				MARKETING_VERSION = 1.0;
				PRODUCT_BUNDLE_IDENTIFIER = slugmuffin.PathRecorder;
				PRODUCT_NAME = "$(TARGET_NAME)";
				SWIFT_EMIT_LOC_STRINGS = YES;
				SWIFT_VERSION = 5.0;
				TARGETED_DEVICE_FAMILY = "1,2";
			};
			name = Debug;
		};
		6141C8FB2DECACBA0034946C /* Release */ = {
			isa = XCBuildConfiguration;
			buildSettings = {
				ASSETCATALOG_COMPILER_APPICON_NAME = AppIcon;
				ASSETCATALOG_COMPILER_GLOBAL_ACCENT_COLOR_NAME = AccentColor;
				CODE_SIGN_STYLE = Automatic;
				CURRENT_PROJECT_VERSION = 1;
				DEVELOPMENT_ASSET_PATHS = "\"PathRecorder/Preview Content\"";
				DEVELOPMENT_TEAM = Z9WN384MPT;
				ENABLE_PREVIEWS = YES;
				GENERATE_INFOPLIST_FILE = YES;
				INFOPLIST_KEY_LSApplicationCategoryType = "";
				INFOPLIST_KEY_NSLocationAlwaysAndWhenInUseUsageDescription = "We need your location to track your path and calculate distance traveled, even when the app is in the background.";
				INFOPLIST_KEY_NSLocationAlwaysUsageDescription = "";
				INFOPLIST_KEY_NSLocationWhenInUseUsageDescription = "We need your location to track your path and calculate distance traveled.";
				INFOPLIST_KEY_NSSupportsLiveActivities = YES;
				INFOPLIST_KEY_UIApplicationSceneManifest_Generation = YES;
				INFOPLIST_KEY_UILaunchScreen_Generation = YES;
				INFOPLIST_KEY_UISupportedInterfaceOrientations_iPad = "UIInterfaceOrientationPortrait UIInterfaceOrientationPortraitUpsideDown UIInterfaceOrientationLandscapeLeft UIInterfaceOrientationLandscapeRight";
				INFOPLIST_KEY_UISupportedInterfaceOrientations_iPhone = "UIInterfaceOrientationPortrait UIInterfaceOrientationLandscapeLeft UIInterfaceOrientationLandscapeRight";
				LD_RUNPATH_SEARCH_PATHS = (
					"$(inherited)",
					"@executable_path/Frameworks",
				);
				MARKETING_VERSION = 1.0;
				PRODUCT_BUNDLE_IDENTIFIER = slugmuffin.PathRecorder;
				PRODUCT_NAME = "$(TARGET_NAME)";
				SWIFT_EMIT_LOC_STRINGS = YES;
				SWIFT_VERSION = 5.0;
				TARGETED_DEVICE_FAMILY = "1,2";
			};
			name = Release;
		};
		6141C8FD2DECACBA0034946C /* Debug */ = {
			isa = XCBuildConfiguration;
			buildSettings = {
				BUNDLE_LOADER = "$(TEST_HOST)";
				CODE_SIGN_STYLE = Automatic;
				CURRENT_PROJECT_VERSION = 1;
				DEVELOPMENT_TEAM = TBQM94CQ4H;
				GENERATE_INFOPLIST_FILE = YES;
				IPHONEOS_DEPLOYMENT_TARGET = 18.2;
				MARKETING_VERSION = 1.0;
				PRODUCT_BUNDLE_IDENTIFIER = slugmuffin.PathRecorderTests;
				PRODUCT_NAME = "$(TARGET_NAME)";
				SWIFT_EMIT_LOC_STRINGS = NO;
				SWIFT_VERSION = 5.0;
				TARGETED_DEVICE_FAMILY = "1,2";
				TEST_HOST = "$(BUILT_PRODUCTS_DIR)/PathRecorder.app/$(BUNDLE_EXECUTABLE_FOLDER_PATH)/PathRecorder";
			};
			name = Debug;
		};
		6141C8FE2DECACBA0034946C /* Release */ = {
			isa = XCBuildConfiguration;
			buildSettings = {
				BUNDLE_LOADER = "$(TEST_HOST)";
				CODE_SIGN_STYLE = Automatic;
				CURRENT_PROJECT_VERSION = 1;
				DEVELOPMENT_TEAM = TBQM94CQ4H;
				GENERATE_INFOPLIST_FILE = YES;
				IPHONEOS_DEPLOYMENT_TARGET = 18.2;
				MARKETING_VERSION = 1.0;
				PRODUCT_BUNDLE_IDENTIFIER = slugmuffin.PathRecorderTests;
				PRODUCT_NAME = "$(TARGET_NAME)";
				SWIFT_EMIT_LOC_STRINGS = NO;
				SWIFT_VERSION = 5.0;
				TARGETED_DEVICE_FAMILY = "1,2";
				TEST_HOST = "$(BUILT_PRODUCTS_DIR)/PathRecorder.app/$(BUNDLE_EXECUTABLE_FOLDER_PATH)/PathRecorder";
			};
			name = Release;
		};
		6141C9002DECACBA0034946C /* Debug */ = {
			isa = XCBuildConfiguration;
			buildSettings = {
				CODE_SIGN_STYLE = Automatic;
				CURRENT_PROJECT_VERSION = 1;
				DEVELOPMENT_TEAM = TBQM94CQ4H;
				GENERATE_INFOPLIST_FILE = YES;
				MARKETING_VERSION = 1.0;
				PRODUCT_BUNDLE_IDENTIFIER = slugmuffin.PathRecorderUITests;
				PRODUCT_NAME = "$(TARGET_NAME)";
				SWIFT_EMIT_LOC_STRINGS = NO;
				SWIFT_VERSION = 5.0;
				TARGETED_DEVICE_FAMILY = "1,2";
				TEST_TARGET_NAME = PathRecorder;
			};
			name = Debug;
		};
		6141C9012DECACBA0034946C /* Release */ = {
			isa = XCBuildConfiguration;
			buildSettings = {
				CODE_SIGN_STYLE = Automatic;
				CURRENT_PROJECT_VERSION = 1;
				DEVELOPMENT_TEAM = TBQM94CQ4H;
				GENERATE_INFOPLIST_FILE = YES;
				MARKETING_VERSION = 1.0;
				PRODUCT_BUNDLE_IDENTIFIER = slugmuffin.PathRecorderUITests;
				PRODUCT_NAME = "$(TARGET_NAME)";
				SWIFT_EMIT_LOC_STRINGS = NO;
				SWIFT_VERSION = 5.0;
				TARGETED_DEVICE_FAMILY = "1,2";
				TEST_TARGET_NAME = PathRecorder;
			};
			name = Release;
		};
		B93D3C372E07111700B158C8 /* Debug */ = {
			isa = XCBuildConfiguration;
			buildSettings = {
				ASSETCATALOG_COMPILER_GLOBAL_ACCENT_COLOR_NAME = AccentColor;
				ASSETCATALOG_COMPILER_WIDGET_BACKGROUND_COLOR_NAME = WidgetBackground;
				CODE_SIGN_STYLE = Automatic;
				CURRENT_PROJECT_VERSION = 1;
				DEVELOPMENT_TEAM = Z9WN384MPT;
				GENERATE_INFOPLIST_FILE = YES;
				INFOPLIST_FILE = PathRecorderWidget/Info.plist;
				INFOPLIST_KEY_CFBundleDisplayName = PathRecorderWidget;
				INFOPLIST_KEY_NSHumanReadableCopyright = "";
				LD_RUNPATH_SEARCH_PATHS = (
					"$(inherited)",
					"@executable_path/Frameworks",
					"@executable_path/../../Frameworks",
				);
				MARKETING_VERSION = 1.0;
				PRODUCT_BUNDLE_IDENTIFIER = slugmuffin.PathRecorder.PathRecorderWidget;
				PRODUCT_NAME = "$(TARGET_NAME)";
				SKIP_INSTALL = YES;
				SWIFT_EMIT_LOC_STRINGS = YES;
				SWIFT_VERSION = 5.0;
				TARGETED_DEVICE_FAMILY = "1,2";
			};
			name = Debug;
		};
		B93D3C382E07111700B158C8 /* Release */ = {
			isa = XCBuildConfiguration;
			buildSettings = {
				ASSETCATALOG_COMPILER_GLOBAL_ACCENT_COLOR_NAME = AccentColor;
				ASSETCATALOG_COMPILER_WIDGET_BACKGROUND_COLOR_NAME = WidgetBackground;
				CODE_SIGN_STYLE = Automatic;
				CURRENT_PROJECT_VERSION = 1;
				DEVELOPMENT_TEAM = Z9WN384MPT;
				GENERATE_INFOPLIST_FILE = YES;
				INFOPLIST_FILE = PathRecorderWidget/Info.plist;
				INFOPLIST_KEY_CFBundleDisplayName = PathRecorderWidget;
				INFOPLIST_KEY_NSHumanReadableCopyright = "";
				LD_RUNPATH_SEARCH_PATHS = (
					"$(inherited)",
					"@executable_path/Frameworks",
					"@executable_path/../../Frameworks",
				);
				MARKETING_VERSION = 1.0;
				PRODUCT_BUNDLE_IDENTIFIER = slugmuffin.PathRecorder.PathRecorderWidget;
				PRODUCT_NAME = "$(TARGET_NAME)";
				SKIP_INSTALL = YES;
				SWIFT_EMIT_LOC_STRINGS = YES;
				SWIFT_VERSION = 5.0;
				TARGETED_DEVICE_FAMILY = "1,2";
			};
			name = Release;
		};
/* End XCBuildConfiguration section */

/* Begin XCConfigurationList section */
		6141C8CE2DECACB90034946C /* Build configuration list for PBXProject "PathRecorder" */ = {
			isa = XCConfigurationList;
			buildConfigurations = (
				6141C8F72DECACBA0034946C /* Debug */,
				6141C8F82DECACBA0034946C /* Release */,
			);
			defaultConfigurationIsVisible = 0;
			defaultConfigurationName = Release;
		};
		6141C8F92DECACBA0034946C /* Build configuration list for PBXNativeTarget "PathRecorder" */ = {
			isa = XCConfigurationList;
			buildConfigurations = (
				6141C8FA2DECACBA0034946C /* Debug */,
				6141C8FB2DECACBA0034946C /* Release */,
			);
			defaultConfigurationIsVisible = 0;
			defaultConfigurationName = Release;
		};
		6141C8FC2DECACBA0034946C /* Build configuration list for PBXNativeTarget "PathRecorderTests" */ = {
			isa = XCConfigurationList;
			buildConfigurations = (
				6141C8FD2DECACBA0034946C /* Debug */,
				6141C8FE2DECACBA0034946C /* Release */,
			);
			defaultConfigurationIsVisible = 0;
			defaultConfigurationName = Release;
		};
		6141C8FF2DECACBA0034946C /* Build configuration list for PBXNativeTarget "PathRecorderUITests" */ = {
			isa = XCConfigurationList;
			buildConfigurations = (
				6141C9002DECACBA0034946C /* Debug */,
				6141C9012DECACBA0034946C /* Release */,
			);
			defaultConfigurationIsVisible = 0;
			defaultConfigurationName = Release;
		};
		B93D3C362E07111700B158C8 /* Build configuration list for PBXNativeTarget "PathRecorderWidgetExtension" */ = {
			isa = XCConfigurationList;
			buildConfigurations = (
				B93D3C372E07111700B158C8 /* Debug */,
				B93D3C382E07111700B158C8 /* Release */,
			);
			defaultConfigurationIsVisible = 0;
			defaultConfigurationName = Release;
		};
/* End XCConfigurationList section */

/* Begin XCLocalSwiftPackageReference section */
		B93D3C402E07152A00B158C8 /* XCLocalSwiftPackageReference "Shared" */ = {
			isa = XCLocalSwiftPackageReference;
			relativePath = Shared;
		};
/* End XCLocalSwiftPackageReference section */

/* Begin XCSwiftPackageProductDependency section */
		B93D3C412E07157000B158C8 /* Shared */ = {
			isa = XCSwiftPackageProductDependency;
			productName = Shared;
		};
		B93D3C432E07158300B158C8 /* Shared */ = {
			isa = XCSwiftPackageProductDependency;
			productName = Shared;
		};
/* End XCSwiftPackageProductDependency section */
	};
	rootObject = 6141C8CB2DECACB90034946C /* Project object */;
}
